
Microsoft Visual Studio Solution File, Format Version 12.00
# Visual Studio Version 16
VisualStudioVersion = 16.0.31005.135
MinimumVisualStudioVersion = 10.0.40219.1
Project("{8BC9CEB8-8B4A-11D0-8D11-00A0C91BC942}") = "thread_process_demo", "CH02\thread_process_demo\thread_process_demo.vcxproj", "{4D680B0D-BB24-41EB-9209-CB693C0364EA}"
EndProject
Project("{8BC9CEB8-8B4A-11D0-8D11-00A0C91BC942}") = "execution_scheduling_demo", "CH02\execution_scheduling_demo\execution_scheduling_demo.vcxproj", "{5E9CCB91-8935-4556-BE2B-6ED38BAE606F}"
EndProject
Project("{8BC9CEB8-8B4A-11D0-8D11-00A0C91BC942}") = "thread_lifecycle_demo", "CH02\thread_lifecycle_demo\thread_lifecycle_demo.vcxproj", "{B968BFC2-B83E-4B81-95A9-EC5C467E269B}"
EndProject
Project("{8BC9CEB8-8B4A-11D0-8D11-00A0C91BC942}") = "detached_thread_demo", "CH02\detached_thread_demo\detached_thread_demo.vcxproj", "{968960DC-092E-43AB-B215-3020D528D7BA}"
EndProject
Project("{2150E333-8FDC-42A3-9474-1A3956D46DE8}") = "CH02", "CH02", "{C4C74624-C58A-4CD8-A1E4-5D2612775A47}"
EndProject
Project("{2150E333-8FDC-42A3-9474-1A3956D46DE8}") = "CH03", "CH03", "{4818DB07-61BB-4B26-848C-48C2D3631A60}"
EndProject
Project("{2150E333-8FDC-42A3-9474-1A3956D46DE8}") = "CH04", "CH04", "{9DC3578E-0A98-4669-8B1E-C8A1D2516C2E}"
EndProject
Project("{2150E333-8FDC-42A3-9474-1A3956D46DE8}") = "CH05", "CH05", "{FB01C49C-EF45-4522-B802-593EC8072B8E}"
EndProject
Project("{8BC9CEB8-8B4A-11D0-8D11-00A0C91BC942}") = "data_race_demo", "CH03\data_race_demo\data_race_demo.vcxproj", "{7A2E3389-0224-4787-8491-D15FD337EEEB}"
EndProject
Project("{8BC9CEB8-8B4A-11D0-8D11-00A0C91BC942}") = "mutual_exclusion_demo", "CH03\mutual_exclusion_demo\mutual_exclusion_demo.vcxproj", "{DB0C1D7A-55DC-4D7C-9C0A-0B19BB01569B}"
EndProject
Project("{8BC9CEB8-8B4A-11D0-8D11-00A0C91BC942}") = "atomic_object_demo", "CH03\atomic_object_demo\atomic_object_demo.vcxproj", "{41D686F4-E6C0-4715-8642-9EF7A1AF7E3C}"
EndProject
Project("{8BC9CEB8-8B4A-11D0-8D11-00A0C91BC942}") = "recursive_mutex_demo", "CH04\recursive_mutex_demo\recursive_mutex_demo.vcxproj", "{1AED53B1-2C95-49B5-941F-6A293528BC92}"
EndProject
Project("{8BC9CEB8-8B4A-11D0-8D11-00A0C91BC942}") = "try_lock_demo", "CH04\try_lock_demo\try_lock_demo.vcxproj", "{0AA2C4A8-A4F3-4CC9-8403-E25A18506EF0}"
EndProject
Project("{8BC9CEB8-8B4A-11D0-8D11-00A0C91BC942}") = "shared_mutex_demo", "CH04\shared_mutex_demo\shared_mutex_demo.vcxproj", "{93C749E2-9FAA-4005-9889-463462A0403D}"
EndProject
Project("{8BC9CEB8-8B4A-11D0-8D11-00A0C91BC942}") = "deadlock_demo", "CH05\deadlock_demo\deadlock_demo.vcxproj", "{A88D2C94-487D-4AD9-9A98-E2C247ECA72E}"
EndProject
Project("{8BC9CEB8-8B4A-11D0-8D11-00A0C91BC942}") = "abandoned_lock_demo", "CH05\abandoned_lock_demo\abandoned_lock_demo.vcxproj", "{754A71DA-C992-468B-BCFF-0EF337EAEE3C}"
EndProject
Project("{8BC9CEB8-8B4A-11D0-8D11-00A0C91BC942}") = "starvation_demo", "CH05\starvation_demo\starvation_demo.vcxproj", "{5A7E5075-450C-42A6-87BB-52AD88A9977D}"
EndProject
Project("{8BC9CEB8-8B4A-11D0-8D11-00A0C91BC942}") = "livelock_demo", "CH05\livelock_demo\livelock_demo.vcxproj", "{85FBC8BA-5B60-4FDB-8903-4994202A3C07}"
EndProject
Global
	GlobalSection(SolutionConfigurationPlatforms) = preSolution
		Debug|x64 = Debug|x64
		Debug|x86 = Debug|x86
		Release|x64 = Release|x64
		Release|x86 = Release|x86
	EndGlobalSection
	GlobalSection(ProjectConfigurationPlatforms) = postSolution
		{4D680B0D-BB24-41EB-9209-CB693C0364EA}.Debug|x64.ActiveCfg = Debug|x64
		{4D680B0D-BB24-41EB-9209-CB693C0364EA}.Debug|x64.Build.0 = Debug|x64
		{4D680B0D-BB24-41EB-9209-CB693C0364EA}.Debug|x86.ActiveCfg = Debug|Win32
		{4D680B0D-BB24-41EB-9209-CB693C0364EA}.Debug|x86.Build.0 = Debug|Win32
		{4D680B0D-BB24-41EB-9209-CB693C0364EA}.Release|x64.ActiveCfg = Release|x64
		{4D680B0D-BB24-41EB-9209-CB693C0364EA}.Release|x64.Build.0 = Release|x64
		{4D680B0D-BB24-41EB-9209-CB693C0364EA}.Release|x86.ActiveCfg = Release|Win32
		{4D680B0D-BB24-41EB-9209-CB693C0364EA}.Release|x86.Build.0 = Release|Win32
		{5E9CCB91-8935-4556-BE2B-6ED38BAE606F}.Debug|x64.ActiveCfg = Debug|x64
		{5E9CCB91-8935-4556-BE2B-6ED38BAE606F}.Debug|x64.Build.0 = Debug|x64
		{5E9CCB91-8935-4556-BE2B-6ED38BAE606F}.Debug|x86.ActiveCfg = Debug|Win32
		{5E9CCB91-8935-4556-BE2B-6ED38BAE606F}.Debug|x86.Build.0 = Debug|Win32
		{5E9CCB91-8935-4556-BE2B-6ED38BAE606F}.Release|x64.ActiveCfg = Release|x64
		{5E9CCB91-8935-4556-BE2B-6ED38BAE606F}.Release|x64.Build.0 = Release|x64
		{5E9CCB91-8935-4556-BE2B-6ED38BAE606F}.Release|x86.ActiveCfg = Release|Win32
		{5E9CCB91-8935-4556-BE2B-6ED38BAE606F}.Release|x86.Build.0 = Release|Win32
		{B968BFC2-B83E-4B81-95A9-EC5C467E269B}.Debug|x64.ActiveCfg = Debug|x64
		{B968BFC2-B83E-4B81-95A9-EC5C467E269B}.Debug|x64.Build.0 = Debug|x64
		{B968BFC2-B83E-4B81-95A9-EC5C467E269B}.Debug|x86.ActiveCfg = Debug|Win32
		{B968BFC2-B83E-4B81-95A9-EC5C467E269B}.Debug|x86.Build.0 = Debug|Win32
		{B968BFC2-B83E-4B81-95A9-EC5C467E269B}.Release|x64.ActiveCfg = Release|x64
		{B968BFC2-B83E-4B81-95A9-EC5C467E269B}.Release|x64.Build.0 = Release|x64
		{B968BFC2-B83E-4B81-95A9-EC5C467E269B}.Release|x86.ActiveCfg = Release|Win32
		{B968BFC2-B83E-4B81-95A9-EC5C467E269B}.Release|x86.Build.0 = Release|Win32
		{968960DC-092E-43AB-B215-3020D528D7BA}.Debug|x64.ActiveCfg = Debug|x64
		{968960DC-092E-43AB-B215-3020D528D7BA}.Debug|x64.Build.0 = Debug|x64
		{968960DC-092E-43AB-B215-3020D528D7BA}.Debug|x86.ActiveCfg = Debug|Win32
		{968960DC-092E-43AB-B215-3020D528D7BA}.Debug|x86.Build.0 = Debug|Win32
		{968960DC-092E-43AB-B215-3020D528D7BA}.Release|x64.ActiveCfg = Release|x64
		{968960DC-092E-43AB-B215-3020D528D7BA}.Release|x64.Build.0 = Release|x64
		{968960DC-092E-43AB-B215-3020D528D7BA}.Release|x86.ActiveCfg = Release|Win32
		{968960DC-092E-43AB-B215-3020D528D7BA}.Release|x86.Build.0 = Release|Win32
		{7A2E3389-0224-4787-8491-D15FD337EEEB}.Debug|x64.ActiveCfg = Debug|x64
		{7A2E3389-0224-4787-8491-D15FD337EEEB}.Debug|x64.Build.0 = Debug|x64
		{7A2E3389-0224-4787-8491-D15FD337EEEB}.Debug|x86.ActiveCfg = Debug|Win32
		{7A2E3389-0224-4787-8491-D15FD337EEEB}.Debug|x86.Build.0 = Debug|Win32
		{7A2E3389-0224-4787-8491-D15FD337EEEB}.Release|x64.ActiveCfg = Release|x64
		{7A2E3389-0224-4787-8491-D15FD337EEEB}.Release|x64.Build.0 = Release|x64
		{7A2E3389-0224-4787-8491-D15FD337EEEB}.Release|x86.ActiveCfg = Release|Win32
		{7A2E3389-0224-4787-8491-D15FD337EEEB}.Release|x86.Build.0 = Release|Win32
		{DB0C1D7A-55DC-4D7C-9C0A-0B19BB01569B}.Debug|x64.ActiveCfg = Debug|x64
		{DB0C1D7A-55DC-4D7C-9C0A-0B19BB01569B}.Debug|x64.Build.0 = Debug|x64
		{DB0C1D7A-55DC-4D7C-9C0A-0B19BB01569B}.Debug|x86.ActiveCfg = Debug|Win32
		{DB0C1D7A-55DC-4D7C-9C0A-0B19BB01569B}.Debug|x86.Build.0 = Debug|Win32
		{DB0C1D7A-55DC-4D7C-9C0A-0B19BB01569B}.Release|x64.ActiveCfg = Release|x64
		{DB0C1D7A-55DC-4D7C-9C0A-0B19BB01569B}.Release|x64.Build.0 = Release|x64
		{DB0C1D7A-55DC-4D7C-9C0A-0B19BB01569B}.Release|x86.ActiveCfg = Release|Win32
		{DB0C1D7A-55DC-4D7C-9C0A-0B19BB01569B}.Release|x86.Build.0 = Release|Win32
		{41D686F4-E6C0-4715-8642-9EF7A1AF7E3C}.Debug|x64.ActiveCfg = Debug|x64
		{41D686F4-E6C0-4715-8642-9EF7A1AF7E3C}.Debug|x64.Build.0 = Debug|x64
		{41D686F4-E6C0-4715-8642-9EF7A1AF7E3C}.Debug|x86.ActiveCfg = Debug|Win32
		{41D686F4-E6C0-4715-8642-9EF7A1AF7E3C}.Debug|x86.Build.0 = Debug|Win32
		{41D686F4-E6C0-4715-8642-9EF7A1AF7E3C}.Release|x64.ActiveCfg = Release|x64
		{41D686F4-E6C0-4715-8642-9EF7A1AF7E3C}.Release|x64.Build.0 = Release|x64
		{41D686F4-E6C0-4715-8642-9EF7A1AF7E3C}.Release|x86.ActiveCfg = Release|Win32
		{41D686F4-E6C0-4715-8642-9EF7A1AF7E3C}.Release|x86.Build.0 = Release|Win32
		{1AED53B1-2C95-49B5-941F-6A293528BC92}.Debug|x64.ActiveCfg = Debug|x64
		{1AED53B1-2C95-49B5-941F-6A293528BC92}.Debug|x64.Build.0 = Debug|x64
		{1AED53B1-2C95-49B5-941F-6A293528BC92}.Debug|x86.ActiveCfg = Debug|Win32
		{1AED53B1-2C95-49B5-941F-6A293528BC92}.Debug|x86.Build.0 = Debug|Win32
		{1AED53B1-2C95-49B5-941F-6A293528BC92}.Release|x64.ActiveCfg = Release|x64
		{1AED53B1-2C95-49B5-941F-6A293528BC92}.Release|x64.Build.0 = Release|x64
		{1AED53B1-2C95-49B5-941F-6A293528BC92}.Release|x86.ActiveCfg = Release|Win32
		{1AED53B1-2C95-49B5-941F-6A293528BC92}.Release|x86.Build.0 = Release|Win32
		{0AA2C4A8-A4F3-4CC9-8403-E25A18506EF0}.Debug|x64.ActiveCfg = Debug|x64
		{0AA2C4A8-A4F3-4CC9-8403-E25A18506EF0}.Debug|x64.Build.0 = Debug|x64
		{0AA2C4A8-A4F3-4CC9-8403-E25A18506EF0}.Debug|x86.ActiveCfg = Debug|Win32
		{0AA2C4A8-A4F3-4CC9-8403-E25A18506EF0}.Debug|x86.Build.0 = Debug|Win32
		{0AA2C4A8-A4F3-4CC9-8403-E25A18506EF0}.Release|x64.ActiveCfg = Release|x64
		{0AA2C4A8-A4F3-4CC9-8403-E25A18506EF0}.Release|x64.Build.0 = Release|x64
		{0AA2C4A8-A4F3-4CC9-8403-E25A18506EF0}.Release|x86.ActiveCfg = Release|Win32
		{0AA2C4A8-A4F3-4CC9-8403-E25A18506EF0}.Release|x86.Build.0 = Release|Win32
		{93C749E2-9FAA-4005-9889-463462A0403D}.Debug|x64.ActiveCfg = Debug|x64
		{93C749E2-9FAA-4005-9889-463462A0403D}.Debug|x64.Build.0 = Debug|x64
		{93C749E2-9FAA-4005-9889-463462A0403D}.Debug|x86.ActiveCfg = Debug|Win32
		{93C749E2-9FAA-4005-9889-463462A0403D}.Debug|x86.Build.0 = Debug|Win32
		{93C749E2-9FAA-4005-9889-463462A0403D}.Release|x64.ActiveCfg = Release|x64
		{93C749E2-9FAA-4005-9889-463462A0403D}.Release|x64.Build.0 = Release|x64
		{93C749E2-9FAA-4005-9889-463462A0403D}.Release|x86.ActiveCfg = Release|Win32
		{93C749E2-9FAA-4005-9889-463462A0403D}.Release|x86.Build.0 = Release|Win32
		{A88D2C94-487D-4AD9-9A98-E2C247ECA72E}.Debug|x64.ActiveCfg = Debug|x64
		{A88D2C94-487D-4AD9-9A98-E2C247ECA72E}.Debug|x64.Build.0 = Debug|x64
		{A88D2C94-487D-4AD9-9A98-E2C247ECA72E}.Debug|x86.ActiveCfg = Debug|Win32
		{A88D2C94-487D-4AD9-9A98-E2C247ECA72E}.Debug|x86.Build.0 = Debug|Win32
		{A88D2C94-487D-4AD9-9A98-E2C247ECA72E}.Release|x64.ActiveCfg = Release|x64
		{A88D2C94-487D-4AD9-9A98-E2C247ECA72E}.Release|x64.Build.0 = Release|x64
		{A88D2C94-487D-4AD9-9A98-E2C247ECA72E}.Release|x86.ActiveCfg = Release|Win32
		{A88D2C94-487D-4AD9-9A98-E2C247ECA72E}.Release|x86.Build.0 = Release|Win32
		{754A71DA-C992-468B-BCFF-0EF337EAEE3C}.Debug|x64.ActiveCfg = Debug|x64
		{754A71DA-C992-468B-BCFF-0EF337EAEE3C}.Debug|x64.Build.0 = Debug|x64
		{754A71DA-C992-468B-BCFF-0EF337EAEE3C}.Debug|x86.ActiveCfg = Debug|Win32
		{754A71DA-C992-468B-BCFF-0EF337EAEE3C}.Debug|x86.Build.0 = Debug|Win32
		{754A71DA-C992-468B-BCFF-0EF337EAEE3C}.Release|x64.ActiveCfg = Release|x64
		{754A71DA-C992-468B-BCFF-0EF337EAEE3C}.Release|x64.Build.0 = Release|x64
		{754A71DA-C992-468B-BCFF-0EF337EAEE3C}.Release|x86.ActiveCfg = Release|Win32
		{754A71DA-C992-468B-BCFF-0EF337EAEE3C}.Release|x86.Build.0 = Release|Win32
		{5A7E5075-450C-42A6-87BB-52AD88A9977D}.Debug|x64.ActiveCfg = Debug|x64
		{5A7E5075-450C-42A6-87BB-52AD88A9977D}.Debug|x64.Build.0 = Debug|x64
		{5A7E5075-450C-42A6-87BB-52AD88A9977D}.Debug|x86.ActiveCfg = Debug|Win32
		{5A7E5075-450C-42A6-87BB-52AD88A9977D}.Debug|x86.Build.0 = Debug|Win32
		{5A7E5075-450C-42A6-87BB-52AD88A9977D}.Release|x64.ActiveCfg = Release|x64
		{5A7E5075-450C-42A6-87BB-52AD88A9977D}.Release|x64.Build.0 = Release|x64
		{5A7E5075-450C-42A6-87BB-52AD88A9977D}.Release|x86.ActiveCfg = Release|Win32
		{5A7E5075-450C-42A6-87BB-52AD88A9977D}.Release|x86.Build.0 = Release|Win32
		{85FBC8BA-5B60-4FDB-8903-4994202A3C07}.Debug|x64.ActiveCfg = Debug|x64
		{85FBC8BA-5B60-4FDB-8903-4994202A3C07}.Debug|x64.Build.0 = Debug|x64
		{85FBC8BA-5B60-4FDB-8903-4994202A3C07}.Debug|x86.ActiveCfg = Debug|Win32
		{85FBC8BA-5B60-4FDB-8903-4994202A3C07}.Debug|x86.Build.0 = Debug|Win32
		{85FBC8BA-5B60-4FDB-8903-4994202A3C07}.Release|x64.ActiveCfg = Release|x64
		{85FBC8BA-5B60-4FDB-8903-4994202A3C07}.Release|x64.Build.0 = Release|x64
		{85FBC8BA-5B60-4FDB-8903-4994202A3C07}.Release|x86.ActiveCfg = Release|Win32
		{85FBC8BA-5B60-4FDB-8903-4994202A3C07}.Release|x86.Build.0 = Release|Win32
	EndGlobalSection
	GlobalSection(SolutionProperties) = preSolution
		HideSolutionNode = FALSE
	EndGlobalSection
	GlobalSection(NestedProjects) = preSolution
		{4D680B0D-BB24-41EB-9209-CB693C0364EA} = {C4C74624-C58A-4CD8-A1E4-5D2612775A47}
		{5E9CCB91-8935-4556-BE2B-6ED38BAE606F} = {C4C74624-C58A-4CD8-A1E4-5D2612775A47}
		{B968BFC2-B83E-4B81-95A9-EC5C467E269B} = {C4C74624-C58A-4CD8-A1E4-5D2612775A47}
		{968960DC-092E-43AB-B215-3020D528D7BA} = {C4C74624-C58A-4CD8-A1E4-5D2612775A47}
		{7A2E3389-0224-4787-8491-D15FD337EEEB} = {4818DB07-61BB-4B26-848C-48C2D3631A60}
		{DB0C1D7A-55DC-4D7C-9C0A-0B19BB01569B} = {4818DB07-61BB-4B26-848C-48C2D3631A60}
		{41D686F4-E6C0-4715-8642-9EF7A1AF7E3C} = {4818DB07-61BB-4B26-848C-48C2D3631A60}
		{1AED53B1-2C95-49B5-941F-6A293528BC92} = {9DC3578E-0A98-4669-8B1E-C8A1D2516C2E}
		{0AA2C4A8-A4F3-4CC9-8403-E25A18506EF0} = {9DC3578E-0A98-4669-8B1E-C8A1D2516C2E}
		{93C749E2-9FAA-4005-9889-463462A0403D} = {9DC3578E-0A98-4669-8B1E-C8A1D2516C2E}
		{A88D2C94-487D-4AD9-9A98-E2C247ECA72E} = {FB01C49C-EF45-4522-B802-593EC8072B8E}
		{754A71DA-C992-468B-BCFF-0EF337EAEE3C} = {FB01C49C-EF45-4522-B802-593EC8072B8E}
		{5A7E5075-450C-42A6-87BB-52AD88A9977D} = {FB01C49C-EF45-4522-B802-593EC8072B8E}
		{85FBC8BA-5B60-4FDB-8903-4994202A3C07} = {FB01C49C-EF45-4522-B802-593EC8072B8E}
	EndGlobalSection
	GlobalSection(ExtensibilityGlobals) = postSolution
		SolutionGuid = {324DEDA5-2862-47EA-8BB6-E1C7FBC4947D}
	EndGlobalSection
EndGlobal
