
Microsoft Visual Studio Solution File, Format Version 12.00
# Visual Studio Version 16
VisualStudioVersion = 16.0.30804.86
MinimumVisualStudioVersion = 10.0.40219.1
Project("{9A19103F-16F7-4668-BE54-9A1E7A4F7556}") = "SumOfIntegers", "SumOfIntegers\SumOfIntegers.csproj", "{27EA373C-5C6A-48AE-9C79-D5F07CF4F05F}"
EndProject
Global
	GlobalSection(SolutionConfigurationPlatforms) = preSolution
		Debug|Any CPU = Debug|Any CPU
		Release|Any CPU = Release|Any CPU
	EndGlobalSection
	GlobalSection(ProjectConfigurationPlatforms) = postSolution
		{27EA373C-5C6A-48AE-9C79-D5F07CF4F05F}.Debug|Any CPU.ActiveCfg = Debug|Any CPU
		{27EA373C-5C6A-48AE-9C79-D5F07CF4F05F}.Debug|Any CPU.Build.0 = Debug|Any CPU
		{27EA373C-5C6A-48AE-9C79-D5F07CF4F05F}.Release|Any CPU.ActiveCfg = Release|Any CPU
		{27EA373C-5C6A-48AE-9C79-D5F07CF4F05F}.Release|Any CPU.Build.0 = Release|Any CPU
	EndGlobalSection
	GlobalSection(SolutionProperties) = preSolution
		HideSolutionNode = FALSE
	EndGlobalSection
	GlobalSection(ExtensibilityGlobals) = postSolution
		SolutionGuid = {AC3CD39A-1A95-4FE3-BD91-3DFCB8F7B566}
	EndGlobalSection
EndGlobal
